
Microsoft Visual Studio Solution File, Format Version 12.00
# Visual Studio Version 17
VisualStudioVersion = 17.7.34221.43
MinimumVisualStudioVersion = 10.0.40219.1
Project("{FAE04EC0-301F-11D3-BF4B-00C04F79EFBC}") = "Capstone_Project", "Capstone_Project\Capstone_Project.csproj", "{17A0FDA4-48FD-42B8-9BCF-2D71452E4927}"
EndProject
Global
	GlobalSection(SolutionConfigurationPlatforms) = preSolution
		Debug|Any CPU = Debug|Any CPU
		Release|Any CPU = Release|Any CPU
	EndGlobalSection
	GlobalSection(ProjectConfigurationPlatforms) = postSolution
		{17A0FDA4-48FD-42B8-9BCF-2D71452E4927}.Debug|Any CPU.ActiveCfg = Debug|Any CPU
		{17A0FDA4-48FD-42B8-9BCF-2D71452E4927}.Debug|Any CPU.Build.0 = Debug|Any CPU
		{17A0FDA4-48FD-42B8-9BCF-2D71452E4927}.Release|Any CPU.ActiveCfg = Release|Any CPU
		{17A0FDA4-48FD-42B8-9BCF-2D71452E4927}.Release|Any CPU.Build.0 = Release|Any CPU
	EndGlobalSection
	GlobalSection(SolutionProperties) = preSolution
		HideSolutionNode = FALSE
	EndGlobalSection
	GlobalSection(ExtensibilityGlobals) = postSolution
		SolutionGuid = {82FDEC36-3E6F-47E8-90AA-3CC1E2022136}
	EndGlobalSection
EndGlobal
